Microsoft Visual Studio Solution File, Format Version 12.00
# Visual Studio Version 17
VisualStudioVersion = 17.5.2.0
MinimumVisualStudioVersion = 10.0.40219.1
Project("{FAE04EC0-301F-11D3-BF4B-00C04F79EFBC}") = "CleaningManagmentSystem", "CleaningManagmentSystem.csproj", "{45C6D42E-2771-FBBF-F9C8-355145760B0C}"
EndProject
Project("{2150E333-8FDC-42A3-9474-1A3956D46DE8}") = "Scripts", "Scripts", "{C4AD9936-F0DF-1090-6077-3D4A6324E662}"
EndProject
Project("{FAE04EC0-301F-11D3-BF4B-00C04F79EFBC}") = "AddNotificationColumns", "Scripts\AddNotificationColumns.csproj", "{A4796772-BF12-295C-2449-166771ACD443}"
EndProject
Project("{FAE04EC0-301F-11D3-BF4B-00C04F79EFBC}") = "RunDbMigration", "Scripts\RunDbMigration.csproj", "{AD8E27B4-A628-1923-364A-21FAC21AB5CB}"
EndProject
Global
	GlobalSection(SolutionConfigurationPlatforms) = preSolution
		Debug|Any CPU = Debug|Any CPU
		Release|Any CPU = Release|Any CPU
	EndGlobalSection
	GlobalSection(ProjectConfigurationPlatforms) = postSolution
		{45C6D42E-2771-FBBF-F9C8-355145760B0C}.Debug|Any CPU.ActiveCfg = Debug|Any CPU
		{45C6D42E-2771-FBBF-F9C8-355145760B0C}.Debug|Any CPU.Build.0 = Debug|Any CPU
		{45C6D42E-2771-FBBF-F9C8-355145760B0C}.Release|Any CPU.ActiveCfg = Release|Any CPU
		{45C6D42E-2771-FBBF-F9C8-355145760B0C}.Release|Any CPU.Build.0 = Release|Any CPU
		{A4796772-BF12-295C-2449-166771ACD443}.Debug|Any CPU.ActiveCfg = Debug|Any CPU
		{A4796772-BF12-295C-2449-166771ACD443}.Debug|Any CPU.Build.0 = Debug|Any CPU
		{A4796772-BF12-295C-2449-166771ACD443}.Release|Any CPU.ActiveCfg = Release|Any CPU
		{A4796772-BF12-295C-2449-166771ACD443}.Release|Any CPU.Build.0 = Release|Any CPU
		{AD8E27B4-A628-1923-364A-21FAC21AB5CB}.Debug|Any CPU.ActiveCfg = Debug|Any CPU
		{AD8E27B4-A628-1923-364A-21FAC21AB5CB}.Debug|Any CPU.Build.0 = Debug|Any CPU
		{AD8E27B4-A628-1923-364A-21FAC21AB5CB}.Release|Any CPU.ActiveCfg = Release|Any CPU
		{AD8E27B4-A628-1923-364A-21FAC21AB5CB}.Release|Any CPU.Build.0 = Release|Any CPU
	EndGlobalSection
	GlobalSection(SolutionProperties) = preSolution
		HideSolutionNode = FALSE
	EndGlobalSection
	GlobalSection(NestedProjects) = preSolution
		{A4796772-BF12-295C-2449-166771ACD443} = {C4AD9936-F0DF-1090-6077-3D4A6324E662}
		{AD8E27B4-A628-1923-364A-21FAC21AB5CB} = {C4AD9936-F0DF-1090-6077-3D4A6324E662}
	EndGlobalSection
	GlobalSection(ExtensibilityGlobals) = postSolution
		SolutionGuid = {662B93F0-38C8-4F73-B81C-7DE659831E2A}
	EndGlobalSection
EndGlobal
